
Microsoft Visual Studio Solution File, Format Version 12.00
# Visual Studio Version 17
VisualStudioVersion = 17.11.35219.272
MinimumVisualStudioVersion = 10.0.40219.1
Project("{FAE04EC0-301F-11D3-BF4B-00C04F79EFBC}") = "Laboratorio 8.1", "Laboratorio 8.1\Laboratorio 8.1.csproj", "{D46934A5-869B-4EB0-8E9C-3D7CABF009E4}"
EndProject
Global
	GlobalSection(SolutionConfigurationPlatforms) = preSolution
		Debug|Any CPU = Debug|Any CPU
		Release|Any CPU = Release|Any CPU
	EndGlobalSection
	GlobalSection(ProjectConfigurationPlatforms) = postSolution
		{D46934A5-869B-4EB0-8E9C-3D7CABF009E4}.Debug|Any CPU.ActiveCfg = Debug|Any CPU
		{D46934A5-869B-4EB0-8E9C-3D7CABF009E4}.Debug|Any CPU.Build.0 = Debug|Any CPU
		{D46934A5-869B-4EB0-8E9C-3D7CABF009E4}.Release|Any CPU.ActiveCfg = Release|Any CPU
		{D46934A5-869B-4EB0-8E9C-3D7CABF009E4}.Release|Any CPU.Build.0 = Release|Any CPU
	EndGlobalSection
	GlobalSection(SolutionProperties) = preSolution
		HideSolutionNode = FALSE
	EndGlobalSection
	GlobalSection(ExtensibilityGlobals) = postSolution
		SolutionGuid = {21CC6CE3-1E17-4231-B58E-8DAD97C62698}
	EndGlobalSection
EndGlobal
