
Microsoft Visual Studio Solution File, Format Version 12.00
# Visual Studio Version 17
VisualStudioVersion = 17.11.35219.272
MinimumVisualStudioVersion = 10.0.40219.1
Project("{FAE04EC0-301F-11D3-BF4B-00C04F79EFBC}") = "Laboratorio 6.1", "Laboratorio 6.1\Laboratorio 6.1.csproj", "{153A9F7B-4870-44D2-8BE7-67DD833D1A6C}"
EndProject
Project("{FAE04EC0-301F-11D3-BF4B-00C04F79EFBC}") = "Laboratorio 6.2", "Laboratorio 6.2\Laboratorio 6.2.csproj", "{A01BBBBD-67A2-489A-BAE3-2C781626A707}"
EndProject
Project("{FAE04EC0-301F-11D3-BF4B-00C04F79EFBC}") = "Laboratorio 6.3", "Laboratorio 6.3\Laboratorio 6.3.csproj", "{A15EABBC-CDDB-4333-9130-96D5A18A63A5}"
EndProject
Project("{FAE04EC0-301F-11D3-BF4B-00C04F79EFBC}") = "Laboratorio 6.4", "Laboratorio 6.4\Laboratorio 6.4.csproj", "{BFD50FE3-101E-4179-84FF-032158448A07}"
EndProject
Global
	GlobalSection(SolutionConfigurationPlatforms) = preSolution
		Debug|Any CPU = Debug|Any CPU
		Release|Any CPU = Release|Any CPU
	EndGlobalSection
	GlobalSection(ProjectConfigurationPlatforms) = postSolution
		{153A9F7B-4870-44D2-8BE7-67DD833D1A6C}.Debug|Any CPU.ActiveCfg = Debug|Any CPU
		{153A9F7B-4870-44D2-8BE7-67DD833D1A6C}.Debug|Any CPU.Build.0 = Debug|Any CPU
		{153A9F7B-4870-44D2-8BE7-67DD833D1A6C}.Release|Any CPU.ActiveCfg = Release|Any CPU
		{153A9F7B-4870-44D2-8BE7-67DD833D1A6C}.Release|Any CPU.Build.0 = Release|Any CPU
		{A01BBBBD-67A2-489A-BAE3-2C781626A707}.Debug|Any CPU.ActiveCfg = Debug|Any CPU
		{A01BBBBD-67A2-489A-BAE3-2C781626A707}.Debug|Any CPU.Build.0 = Debug|Any CPU
		{A01BBBBD-67A2-489A-BAE3-2C781626A707}.Release|Any CPU.ActiveCfg = Release|Any CPU
		{A01BBBBD-67A2-489A-BAE3-2C781626A707}.Release|Any CPU.Build.0 = Release|Any CPU
		{A15EABBC-CDDB-4333-9130-96D5A18A63A5}.Debug|Any CPU.ActiveCfg = Debug|Any CPU
		{A15EABBC-CDDB-4333-9130-96D5A18A63A5}.Debug|Any CPU.Build.0 = Debug|Any CPU
		{A15EABBC-CDDB-4333-9130-96D5A18A63A5}.Release|Any CPU.ActiveCfg = Release|Any CPU
		{A15EABBC-CDDB-4333-9130-96D5A18A63A5}.Release|Any CPU.Build.0 = Release|Any CPU
		{BFD50FE3-101E-4179-84FF-032158448A07}.Debug|Any CPU.ActiveCfg = Debug|Any CPU
		{BFD50FE3-101E-4179-84FF-032158448A07}.Debug|Any CPU.Build.0 = Debug|Any CPU
		{BFD50FE3-101E-4179-84FF-032158448A07}.Release|Any CPU.ActiveCfg = Release|Any CPU
		{BFD50FE3-101E-4179-84FF-032158448A07}.Release|Any CPU.Build.0 = Release|Any CPU
	EndGlobalSection
	GlobalSection(SolutionProperties) = preSolution
		HideSolutionNode = FALSE
	EndGlobalSection
	GlobalSection(ExtensibilityGlobals) = postSolution
		SolutionGuid = {FC8A3291-D0DE-4E9A-B419-778BA6D4279D}
	EndGlobalSection
EndGlobal
