
Microsoft Visual Studio Solution File, Format Version 12.00
# Visual Studio Version 17
VisualStudioVersion = 17.11.35219.272
MinimumVisualStudioVersion = 10.0.40219.1
Project("{FAE04EC0-301F-11D3-BF4B-00C04F79EFBC}") = "Proyecto#1", "Proyecto#1\Proyecto#1.csproj", "{9BF987AF-E423-424F-BFF0-CAA339C96C23}"
EndProject
Global
	GlobalSection(SolutionConfigurationPlatforms) = preSolution
		Debug|Any CPU = Debug|Any CPU
		Release|Any CPU = Release|Any CPU
	EndGlobalSection
	GlobalSection(ProjectConfigurationPlatforms) = postSolution
		{9BF987AF-E423-424F-BFF0-CAA339C96C23}.Debug|Any CPU.ActiveCfg = Debug|Any CPU
		{9BF987AF-E423-424F-BFF0-CAA339C96C23}.Debug|Any CPU.Build.0 = Debug|Any CPU
		{9BF987AF-E423-424F-BFF0-CAA339C96C23}.Release|Any CPU.ActiveCfg = Release|Any CPU
		{9BF987AF-E423-424F-BFF0-CAA339C96C23}.Release|Any CPU.Build.0 = Release|Any CPU
	EndGlobalSection
	GlobalSection(SolutionProperties) = preSolution
		HideSolutionNode = FALSE
	EndGlobalSection
	GlobalSection(ExtensibilityGlobals) = postSolution
		SolutionGuid = {19781062-F22F-4DE1-8628-3466B21CCDC4}
	EndGlobalSection
EndGlobal
