
Microsoft Visual Studio Solution File, Format Version 12.00
# Visual Studio Version 17
VisualStudioVersion = 17.11.35219.272
MinimumVisualStudioVersion = 10.0.40219.1
Project("{FAE04EC0-301F-11D3-BF4B-00C04F79EFBC}") = "Parcial#3", "Parcial#3\Parcial#3.csproj", "{0991341F-717A-4DE5-BC19-6DDA3508F261}"
EndProject
Global
	GlobalSection(SolutionConfigurationPlatforms) = preSolution
		Debug|Any CPU = Debug|Any CPU
		Release|Any CPU = Release|Any CPU
	EndGlobalSection
	GlobalSection(ProjectConfigurationPlatforms) = postSolution
		{0991341F-717A-4DE5-BC19-6DDA3508F261}.Debug|Any CPU.ActiveCfg = Debug|Any CPU
		{0991341F-717A-4DE5-BC19-6DDA3508F261}.Debug|Any CPU.Build.0 = Debug|Any CPU
		{0991341F-717A-4DE5-BC19-6DDA3508F261}.Release|Any CPU.ActiveCfg = Release|Any CPU
		{0991341F-717A-4DE5-BC19-6DDA3508F261}.Release|Any CPU.Build.0 = Release|Any CPU
	EndGlobalSection
	GlobalSection(SolutionProperties) = preSolution
		HideSolutionNode = FALSE
	EndGlobalSection
	GlobalSection(ExtensibilityGlobals) = postSolution
		SolutionGuid = {8A4D06C6-5D19-40A0-AF07-8CD3D731A15A}
	EndGlobalSection
EndGlobal
