
Microsoft Visual Studio Solution File, Format Version 12.00
# Visual Studio Version 17
VisualStudioVersion = 17.11.35219.272
MinimumVisualStudioVersion = 10.0.40219.1
Project("{FAE04EC0-301F-11D3-BF4B-00C04F79EFBC}") = "Laboratorio 20", "Laboratorio 20\Laboratorio 20.csproj", "{78A6C05E-3A4D-436E-99A9-D45E89C404B2}"
EndProject
Project("{FAE04EC0-301F-11D3-BF4B-00C04F79EFBC}") = "Laboratorio  20.2", "Laboratorio  20.2\Laboratorio  20.2.csproj", "{7B338988-33AA-46C8-A70F-157231B1F872}"
EndProject
Project("{FAE04EC0-301F-11D3-BF4B-00C04F79EFBC}") = "Laboratorio 20.3", "Laboratorio 20.3\Laboratorio 20.3.csproj", "{56E0DC96-1B70-430E-9F5D-D764F9DDB502}"
EndProject
Global
	GlobalSection(SolutionConfigurationPlatforms) = preSolution
		Debug|Any CPU = Debug|Any CPU
		Release|Any CPU = Release|Any CPU
	EndGlobalSection
	GlobalSection(ProjectConfigurationPlatforms) = postSolution
		{78A6C05E-3A4D-436E-99A9-D45E89C404B2}.Debug|Any CPU.ActiveCfg = Debug|Any CPU
		{78A6C05E-3A4D-436E-99A9-D45E89C404B2}.Debug|Any CPU.Build.0 = Debug|Any CPU
		{78A6C05E-3A4D-436E-99A9-D45E89C404B2}.Release|Any CPU.ActiveCfg = Release|Any CPU
		{78A6C05E-3A4D-436E-99A9-D45E89C404B2}.Release|Any CPU.Build.0 = Release|Any CPU
		{7B338988-33AA-46C8-A70F-157231B1F872}.Debug|Any CPU.ActiveCfg = Debug|Any CPU
		{7B338988-33AA-46C8-A70F-157231B1F872}.Debug|Any CPU.Build.0 = Debug|Any CPU
		{7B338988-33AA-46C8-A70F-157231B1F872}.Release|Any CPU.ActiveCfg = Release|Any CPU
		{7B338988-33AA-46C8-A70F-157231B1F872}.Release|Any CPU.Build.0 = Release|Any CPU
		{56E0DC96-1B70-430E-9F5D-D764F9DDB502}.Debug|Any CPU.ActiveCfg = Debug|Any CPU
		{56E0DC96-1B70-430E-9F5D-D764F9DDB502}.Debug|Any CPU.Build.0 = Debug|Any CPU
		{56E0DC96-1B70-430E-9F5D-D764F9DDB502}.Release|Any CPU.ActiveCfg = Release|Any CPU
		{56E0DC96-1B70-430E-9F5D-D764F9DDB502}.Release|Any CPU.Build.0 = Release|Any CPU
	EndGlobalSection
	GlobalSection(SolutionProperties) = preSolution
		HideSolutionNode = FALSE
	EndGlobalSection
	GlobalSection(ExtensibilityGlobals) = postSolution
		SolutionGuid = {5E2F25B8-C62F-4C44-BDAA-3D5E79B6516C}
	EndGlobalSection
EndGlobal
